
Microsoft Visual Studio Solution File, Format Version 12.00
# Visual Studio 15
VisualStudioVersion = 15.0.26730.10
MinimumVisualStudioVersion = 10.0.40219.1
Project("{FAE04EC0-301F-11D3-BF4B-00C04F79EFBC}") = "Day1", "Day1\Day1.csproj", "{84E9A37C-F4A8-493C-85DF-BA4D47A49854}"
EndProject
Project("{9A19103F-16F7-4668-BE54-9A1E7A4F7556}") = "Day2", "Day2\Day2.csproj", "{46A4E811-F0A5-48B7-A442-C76E6FC43433}"
EndProject
Project("{9A19103F-16F7-4668-BE54-9A1E7A4F7556}") = "Day3", "Day3\Day3.csproj", "{499B8871-B1DF-4CCF-A61A-8C7184B38458}"
EndProject
Project("{9A19103F-16F7-4668-BE54-9A1E7A4F7556}") = "Day4", "Day4\Day4.csproj", "{74C264CD-4A0F-4163-A4C6-C36F2B54A1E9}"
EndProject
Project("{FAE04EC0-301F-11D3-BF4B-00C04F79EFBC}") = "Day5", "Day5\Day5.csproj", "{00328A06-3E99-4149-BFA5-789C6BE7B5EA}"
EndProject
Project("{FAE04EC0-301F-11D3-BF4B-00C04F79EFBC}") = "Day6", "Day6\Day6.csproj", "{DD002B52-501D-4EC9-8449-EE10427DC8B1}"
EndProject
Project("{FAE04EC0-301F-11D3-BF4B-00C04F79EFBC}") = "Day7", "Day7\Day7.csproj", "{F7694589-1E4D-4EB9-B9D1-230D2D68F4FC}"
EndProject
Project("{FAE04EC0-301F-11D3-BF4B-00C04F79EFBC}") = "Day8", "Day8\Day8.csproj", "{600F5740-9076-43CF-8431-5DF2BE116DD3}"
EndProject
Global
	GlobalSection(SolutionConfigurationPlatforms) = preSolution
		Debug|Any CPU = Debug|Any CPU
		Release|Any CPU = Release|Any CPU
	EndGlobalSection
	GlobalSection(ProjectConfigurationPlatforms) = postSolution
		{84E9A37C-F4A8-493C-85DF-BA4D47A49854}.Debug|Any CPU.ActiveCfg = Debug|Any CPU
		{84E9A37C-F4A8-493C-85DF-BA4D47A49854}.Debug|Any CPU.Build.0 = Debug|Any CPU
		{84E9A37C-F4A8-493C-85DF-BA4D47A49854}.Release|Any CPU.ActiveCfg = Release|Any CPU
		{84E9A37C-F4A8-493C-85DF-BA4D47A49854}.Release|Any CPU.Build.0 = Release|Any CPU
		{46A4E811-F0A5-48B7-A442-C76E6FC43433}.Debug|Any CPU.ActiveCfg = Debug|Any CPU
		{46A4E811-F0A5-48B7-A442-C76E6FC43433}.Debug|Any CPU.Build.0 = Debug|Any CPU
		{46A4E811-F0A5-48B7-A442-C76E6FC43433}.Release|Any CPU.ActiveCfg = Release|Any CPU
		{46A4E811-F0A5-48B7-A442-C76E6FC43433}.Release|Any CPU.Build.0 = Release|Any CPU
		{499B8871-B1DF-4CCF-A61A-8C7184B38458}.Debug|Any CPU.ActiveCfg = Debug|Any CPU
		{499B8871-B1DF-4CCF-A61A-8C7184B38458}.Debug|Any CPU.Build.0 = Debug|Any CPU
		{499B8871-B1DF-4CCF-A61A-8C7184B38458}.Release|Any CPU.ActiveCfg = Release|Any CPU
		{499B8871-B1DF-4CCF-A61A-8C7184B38458}.Release|Any CPU.Build.0 = Release|Any CPU
		{74C264CD-4A0F-4163-A4C6-C36F2B54A1E9}.Debug|Any CPU.ActiveCfg = Debug|Any CPU
		{74C264CD-4A0F-4163-A4C6-C36F2B54A1E9}.Debug|Any CPU.Build.0 = Debug|Any CPU
		{74C264CD-4A0F-4163-A4C6-C36F2B54A1E9}.Release|Any CPU.ActiveCfg = Release|Any CPU
		{74C264CD-4A0F-4163-A4C6-C36F2B54A1E9}.Release|Any CPU.Build.0 = Release|Any CPU
		{00328A06-3E99-4149-BFA5-789C6BE7B5EA}.Debug|Any CPU.ActiveCfg = Debug|Any CPU
		{00328A06-3E99-4149-BFA5-789C6BE7B5EA}.Debug|Any CPU.Build.0 = Debug|Any CPU
		{00328A06-3E99-4149-BFA5-789C6BE7B5EA}.Release|Any CPU.ActiveCfg = Release|Any CPU
		{00328A06-3E99-4149-BFA5-789C6BE7B5EA}.Release|Any CPU.Build.0 = Release|Any CPU
		{DD002B52-501D-4EC9-8449-EE10427DC8B1}.Debug|Any CPU.ActiveCfg = Debug|Any CPU
		{DD002B52-501D-4EC9-8449-EE10427DC8B1}.Debug|Any CPU.Build.0 = Debug|Any CPU
		{DD002B52-501D-4EC9-8449-EE10427DC8B1}.Release|Any CPU.ActiveCfg = Release|Any CPU
		{DD002B52-501D-4EC9-8449-EE10427DC8B1}.Release|Any CPU.Build.0 = Release|Any CPU
		{F7694589-1E4D-4EB9-B9D1-230D2D68F4FC}.Debug|Any CPU.ActiveCfg = Debug|Any CPU
		{F7694589-1E4D-4EB9-B9D1-230D2D68F4FC}.Debug|Any CPU.Build.0 = Debug|Any CPU
		{F7694589-1E4D-4EB9-B9D1-230D2D68F4FC}.Release|Any CPU.ActiveCfg = Release|Any CPU
		{F7694589-1E4D-4EB9-B9D1-230D2D68F4FC}.Release|Any CPU.Build.0 = Release|Any CPU
		{600F5740-9076-43CF-8431-5DF2BE116DD3}.Debug|Any CPU.ActiveCfg = Debug|Any CPU
		{600F5740-9076-43CF-8431-5DF2BE116DD3}.Debug|Any CPU.Build.0 = Debug|Any CPU
		{600F5740-9076-43CF-8431-5DF2BE116DD3}.Release|Any CPU.ActiveCfg = Release|Any CPU
		{600F5740-9076-43CF-8431-5DF2BE116DD3}.Release|Any CPU.Build.0 = Release|Any CPU
	EndGlobalSection
	GlobalSection(SolutionProperties) = preSolution
		HideSolutionNode = FALSE
	EndGlobalSection
	GlobalSection(ExtensibilityGlobals) = postSolution
		SolutionGuid = {A2679A3A-0B45-44B6-9DF3-73CC22C83528}
	EndGlobalSection
EndGlobal
