
Microsoft Visual Studio Solution File, Format Version 12.00
# Visual Studio 15
VisualStudioVersion = 15.0.26430.6
MinimumVisualStudioVersion = 10.0.40219.1
Project("{FAE04EC0-301F-11D3-BF4B-00C04F79EFBC}") = "Day1", "Day1\Day1.csproj", "{84E9A37C-F4A8-493C-85DF-BA4D47A49854}"
EndProject
Project("{9A19103F-16F7-4668-BE54-9A1E7A4F7556}") = "Day2", "Day2\Day2.csproj", "{46A4E811-F0A5-48B7-A442-C76E6FC43433}"
EndProject
Project("{FAE04EC0-301F-11D3-BF4B-00C04F79EFBC}") = "Day3", "Day3\Day3.csproj", "{499B8871-B1DF-4CCF-A61A-8C7184B38458}"
EndProject
Global
	GlobalSection(SolutionConfigurationPlatforms) = preSolution
		Debug|Any CPU = Debug|Any CPU
		Release|Any CPU = Release|Any CPU
	EndGlobalSection
	GlobalSection(ProjectConfigurationPlatforms) = postSolution
		{84E9A37C-F4A8-493C-85DF-BA4D47A49854}.Debug|Any CPU.ActiveCfg = Debug|Any CPU
		{84E9A37C-F4A8-493C-85DF-BA4D47A49854}.Debug|Any CPU.Build.0 = Debug|Any CPU
		{84E9A37C-F4A8-493C-85DF-BA4D47A49854}.Release|Any CPU.ActiveCfg = Release|Any CPU
		{84E9A37C-F4A8-493C-85DF-BA4D47A49854}.Release|Any CPU.Build.0 = Release|Any CPU
		{46A4E811-F0A5-48B7-A442-C76E6FC43433}.Debug|Any CPU.ActiveCfg = Debug|Any CPU
		{46A4E811-F0A5-48B7-A442-C76E6FC43433}.Debug|Any CPU.Build.0 = Debug|Any CPU
		{46A4E811-F0A5-48B7-A442-C76E6FC43433}.Release|Any CPU.ActiveCfg = Release|Any CPU
		{46A4E811-F0A5-48B7-A442-C76E6FC43433}.Release|Any CPU.Build.0 = Release|Any CPU
		{499B8871-B1DF-4CCF-A61A-8C7184B38458}.Debug|Any CPU.ActiveCfg = Debug|Any CPU
		{499B8871-B1DF-4CCF-A61A-8C7184B38458}.Debug|Any CPU.Build.0 = Debug|Any CPU
		{499B8871-B1DF-4CCF-A61A-8C7184B38458}.Release|Any CPU.ActiveCfg = Release|Any CPU
		{499B8871-B1DF-4CCF-A61A-8C7184B38458}.Release|Any CPU.Build.0 = Release|Any CPU
	EndGlobalSection
	GlobalSection(SolutionProperties) = preSolution
		HideSolutionNode = FALSE
	EndGlobalSection
	GlobalSection(ExtensibilityGlobals) = postSolution
		SolutionGuid = {A2679A3A-0B45-44B6-9DF3-73CC22C83528}
	EndGlobalSection
EndGlobal
